
Microsoft Visual Studio Solution File, Format Version 12.00
# Visual Studio Version 17
VisualStudioVersion = 17.6.33829.357
MinimumVisualStudioVersion = 10.0.40219.1
Project("{FAE04EC0-301F-11D3-BF4B-00C04F79EFBC}") = "ToDoApp", "ToDoApp.csproj", "{30EE5BB7-BF65-420F-9268-1F7C9AD9FFB3}"
EndProject
Global
	GlobalSection(SolutionConfigurationPlatforms) = preSolution
		Debug|Any CPU = Debug|Any CPU
		Release|Any CPU = Release|Any CPU
	EndGlobalSection
	GlobalSection(ProjectConfigurationPlatforms) = postSolution
		{30EE5BB7-BF65-420F-9268-1F7C9AD9FFB3}.Debug|Any CPU.ActiveCfg = Debug|Any CPU
		{30EE5BB7-BF65-420F-9268-1F7C9AD9FFB3}.Debug|Any CPU.Build.0 = Debug|Any CPU
		{30EE5BB7-BF65-420F-9268-1F7C9AD9FFB3}.Release|Any CPU.ActiveCfg = Release|Any CPU
		{30EE5BB7-BF65-420F-9268-1F7C9AD9FFB3}.Release|Any CPU.Build.0 = Release|Any CPU
	EndGlobalSection
	GlobalSection(SolutionProperties) = preSolution
		HideSolutionNode = FALSE
	EndGlobalSection
	GlobalSection(ExtensibilityGlobals) = postSolution
		SolutionGuid = {C4FBEF1B-5D00-4E69-8DF2-8B529093CC96}
	EndGlobalSection
EndGlobal
